
Microsoft Visual Studio Solution File, Format Version 12.00
# Visual Studio 2012
Project("{FAE04EC0-301F-11D3-BF4B-00C04F79EFBC}") = "InfColorPickerBinding", "InfColorPickerBinding\InfColorPickerBinding.csproj", "{B73917D6-5393-45BB-BD81-F68C3811FA1C}"
EndProject
Global
	GlobalSection(SolutionConfigurationPlatforms) = preSolution
		Debug|Any CPU = Debug|Any CPU
		Release|Any CPU = Release|Any CPU
	EndGlobalSection
	GlobalSection(ProjectConfigurationPlatforms) = postSolution
		{B73917D6-5393-45BB-BD81-F68C3811FA1C}.Debug|Any CPU.ActiveCfg = Debug|Any CPU
		{B73917D6-5393-45BB-BD81-F68C3811FA1C}.Debug|Any CPU.Build.0 = Debug|Any CPU
		{B73917D6-5393-45BB-BD81-F68C3811FA1C}.Release|Any CPU.ActiveCfg = Release|Any CPU
		{B73917D6-5393-45BB-BD81-F68C3811FA1C}.Release|Any CPU.Build.0 = Release|Any CPU
	EndGlobalSection
EndGlobal
